
Microsoft Visual Studio Solution File, Format Version 12.00
# Visual Studio Version 17
VisualStudioVersion = 17.11.35312.102
MinimumVisualStudioVersion = 10.0.40219.1
Project("{FAE04EC0-301F-11D3-BF4B-00C04F79EFBC}") = "Purchase", "Purchase\Purchase.csproj", "{1BCD7370-A5B7-4B5C-B36A-1C1417F16F95}"
EndProject
Global
	GlobalSection(SolutionConfigurationPlatforms) = preSolution
		Debug|Any CPU = Debug|Any CPU
		Release|Any CPU = Release|Any CPU
	EndGlobalSection
	GlobalSection(ProjectConfigurationPlatforms) = postSolution
		{1BCD7370-A5B7-4B5C-B36A-1C1417F16F95}.Debug|Any CPU.ActiveCfg = Debug|Any CPU
		{1BCD7370-A5B7-4B5C-B36A-1C1417F16F95}.Debug|Any CPU.Build.0 = Debug|Any CPU
		{1BCD7370-A5B7-4B5C-B36A-1C1417F16F95}.Release|Any CPU.ActiveCfg = Release|Any CPU
		{1BCD7370-A5B7-4B5C-B36A-1C1417F16F95}.Release|Any CPU.Build.0 = Release|Any CPU
	EndGlobalSection
	GlobalSection(SolutionProperties) = preSolution
		HideSolutionNode = FALSE
	EndGlobalSection
	GlobalSection(ExtensibilityGlobals) = postSolution
		SolutionGuid = {C1432A8D-84ED-4C0B-8446-734E5D6002FE}
	EndGlobalSection
EndGlobal
